
Microsoft Visual Studio Solution File, Format Version 12.00
# Visual Studio Version 16
VisualStudioVersion = 16.0.30804.86
MinimumVisualStudioVersion = 10.0.40219.1
Project("{6EC3EE1D-3C4E-46DD-8F32-0CC8E7565705}") = "Contract", "Contract\Contract.fsproj", "{8AEEC4A4-CA5E-4A79-9343-B6F1FFAA26E6}"
EndProject
Project("{6EC3EE1D-3C4E-46DD-8F32-0CC8E7565705}") = "Grain", "Grain\Grain.fsproj", "{068D24E1-B7EF-4547-943D-2245DAFC3C94}"
EndProject
Project("{6EC3EE1D-3C4E-46DD-8F32-0CC8E7565705}") = "Client", "Client\Client.fsproj", "{B6CE9C3A-83A4-468C-9D79-3C345C6FAF81}"
EndProject
Project("{6EC3EE1D-3C4E-46DD-8F32-0CC8E7565705}") = "Domain", "Domain\Domain.fsproj", "{EF098727-85B7-4DDA-BC51-297F9F26DE80}"
EndProject
Project("{6EC3EE1D-3C4E-46DD-8F32-0CC8E7565705}") = "Server", "Server\Server.fsproj", "{5C7B1D50-437D-4B02-A4E8-368F3C33AD90}"
EndProject
Project("{6EC3EE1D-3C4E-46DD-8F32-0CC8E7565705}") = "Tests", "Tests\Tests.fsproj", "{4D5C7565-A55A-4986-8A39-4CEAF00D22E9}"
EndProject
Project("{F2A71F9B-5D33-465A-A702-920D77279786}") = "WebClient", "WebClient\WebClient.fsproj", "{F95E091F-C3DA-448D-81E8-5189AB94F1ED}"
EndProject
Global
	GlobalSection(SolutionConfigurationPlatforms) = preSolution
		Debug|Any CPU = Debug|Any CPU
		Release|Any CPU = Release|Any CPU
	EndGlobalSection
	GlobalSection(ProjectConfigurationPlatforms) = postSolution
		{8AEEC4A4-CA5E-4A79-9343-B6F1FFAA26E6}.Debug|Any CPU.ActiveCfg = Debug|Any CPU
		{8AEEC4A4-CA5E-4A79-9343-B6F1FFAA26E6}.Debug|Any CPU.Build.0 = Debug|Any CPU
		{8AEEC4A4-CA5E-4A79-9343-B6F1FFAA26E6}.Release|Any CPU.ActiveCfg = Release|Any CPU
		{8AEEC4A4-CA5E-4A79-9343-B6F1FFAA26E6}.Release|Any CPU.Build.0 = Release|Any CPU
		{068D24E1-B7EF-4547-943D-2245DAFC3C94}.Debug|Any CPU.ActiveCfg = Debug|Any CPU
		{068D24E1-B7EF-4547-943D-2245DAFC3C94}.Debug|Any CPU.Build.0 = Debug|Any CPU
		{068D24E1-B7EF-4547-943D-2245DAFC3C94}.Release|Any CPU.ActiveCfg = Release|Any CPU
		{068D24E1-B7EF-4547-943D-2245DAFC3C94}.Release|Any CPU.Build.0 = Release|Any CPU
		{B6CE9C3A-83A4-468C-9D79-3C345C6FAF81}.Debug|Any CPU.ActiveCfg = Debug|Any CPU
		{B6CE9C3A-83A4-468C-9D79-3C345C6FAF81}.Debug|Any CPU.Build.0 = Debug|Any CPU
		{B6CE9C3A-83A4-468C-9D79-3C345C6FAF81}.Release|Any CPU.ActiveCfg = Release|Any CPU
		{B6CE9C3A-83A4-468C-9D79-3C345C6FAF81}.Release|Any CPU.Build.0 = Release|Any CPU
		{EF098727-85B7-4DDA-BC51-297F9F26DE80}.Debug|Any CPU.ActiveCfg = Debug|Any CPU
		{EF098727-85B7-4DDA-BC51-297F9F26DE80}.Debug|Any CPU.Build.0 = Debug|Any CPU
		{EF098727-85B7-4DDA-BC51-297F9F26DE80}.Release|Any CPU.ActiveCfg = Release|Any CPU
		{EF098727-85B7-4DDA-BC51-297F9F26DE80}.Release|Any CPU.Build.0 = Release|Any CPU
		{5C7B1D50-437D-4B02-A4E8-368F3C33AD90}.Debug|Any CPU.ActiveCfg = Debug|Any CPU
		{5C7B1D50-437D-4B02-A4E8-368F3C33AD90}.Debug|Any CPU.Build.0 = Debug|Any CPU
		{5C7B1D50-437D-4B02-A4E8-368F3C33AD90}.Release|Any CPU.ActiveCfg = Release|Any CPU
		{5C7B1D50-437D-4B02-A4E8-368F3C33AD90}.Release|Any CPU.Build.0 = Release|Any CPU
		{4D5C7565-A55A-4986-8A39-4CEAF00D22E9}.Debug|Any CPU.ActiveCfg = Debug|Any CPU
		{4D5C7565-A55A-4986-8A39-4CEAF00D22E9}.Debug|Any CPU.Build.0 = Debug|Any CPU
		{4D5C7565-A55A-4986-8A39-4CEAF00D22E9}.Release|Any CPU.ActiveCfg = Release|Any CPU
		{4D5C7565-A55A-4986-8A39-4CEAF00D22E9}.Release|Any CPU.Build.0 = Release|Any CPU
		{F95E091F-C3DA-448D-81E8-5189AB94F1ED}.Debug|Any CPU.ActiveCfg = Debug|Any CPU
		{F95E091F-C3DA-448D-81E8-5189AB94F1ED}.Debug|Any CPU.Build.0 = Debug|Any CPU
		{F95E091F-C3DA-448D-81E8-5189AB94F1ED}.Release|Any CPU.ActiveCfg = Release|Any CPU
		{F95E091F-C3DA-448D-81E8-5189AB94F1ED}.Release|Any CPU.Build.0 = Release|Any CPU
	EndGlobalSection
	GlobalSection(SolutionProperties) = preSolution
		HideSolutionNode = FALSE
	EndGlobalSection
	GlobalSection(ExtensibilityGlobals) = postSolution
		SolutionGuid = {D508055F-51D0-4756-9497-F614265BCEA7}
	EndGlobalSection
EndGlobal
